
Microsoft Visual Studio Solution File, Format Version 12.00
# Visual Studio Version 16
VisualStudioVersion = 16.0.29102.190
MinimumVisualStudioVersion = 10.0.40219.1
Project("{9A19103F-16F7-4668-BE54-9A1E7A4F7556}") = "GOF", "GronborgOrnitologiskaForening\GOF.csproj", "{9DAEA181-C60B-43C5-80F6-F2F40AD8FFDD}"
EndProject
Global
	GlobalSection(SolutionConfigurationPlatforms) = preSolution
		Debug|Any CPU = Debug|Any CPU
		Release|Any CPU = Release|Any CPU
	EndGlobalSection
	GlobalSection(ProjectConfigurationPlatforms) = postSolution
		{9DAEA181-C60B-43C5-80F6-F2F40AD8FFDD}.Debug|Any CPU.ActiveCfg = Debug|Any CPU
		{9DAEA181-C60B-43C5-80F6-F2F40AD8FFDD}.Debug|Any CPU.Build.0 = Debug|Any CPU
		{9DAEA181-C60B-43C5-80F6-F2F40AD8FFDD}.Release|Any CPU.ActiveCfg = Release|Any CPU
		{9DAEA181-C60B-43C5-80F6-F2F40AD8FFDD}.Release|Any CPU.Build.0 = Release|Any CPU
	EndGlobalSection
	GlobalSection(SolutionProperties) = preSolution
		HideSolutionNode = FALSE
	EndGlobalSection
	GlobalSection(ExtensibilityGlobals) = postSolution
		SolutionGuid = {FFC6DE35-5E94-498C-9B6F-15CE4B419F96}
	EndGlobalSection
EndGlobal
